
Microsoft Visual Studio Solution File, Format Version 12.00
# Visual Studio 15
VisualStudioVersion = 15.0.28307.421
MinimumVisualStudioVersion = 10.0.40219.1
Project("{FAE04EC0-301F-11D3-BF4B-00C04F79EFBC}") = "JqueryDataTables", "JqueryDataTables\JqueryDataTables.csproj", "{D23CB956-E7A5-45BA-A832-DCDF6B4CCFC1}"
EndProject
Global
	GlobalSection(SolutionConfigurationPlatforms) = preSolution
		Debug|Any CPU = Debug|Any CPU
		Release|Any CPU = Release|Any CPU
	EndGlobalSection
	GlobalSection(ProjectConfigurationPlatforms) = postSolution
		{D23CB956-E7A5-45BA-A832-DCDF6B4CCFC1}.Debug|Any CPU.ActiveCfg = Debug|Any CPU
		{D23CB956-E7A5-45BA-A832-DCDF6B4CCFC1}.Debug|Any CPU.Build.0 = Debug|Any CPU
		{D23CB956-E7A5-45BA-A832-DCDF6B4CCFC1}.Release|Any CPU.ActiveCfg = Release|Any CPU
		{D23CB956-E7A5-45BA-A832-DCDF6B4CCFC1}.Release|Any CPU.Build.0 = Release|Any CPU
	EndGlobalSection
	GlobalSection(SolutionProperties) = preSolution
		HideSolutionNode = FALSE
	EndGlobalSection
	GlobalSection(ExtensibilityGlobals) = postSolution
		SolutionGuid = {A59DED74-FEF7-4524-A753-324CDB277F46}
	EndGlobalSection
EndGlobal
